// !$*UTF8*$!
{
	archiveVersion = 1;
	classes = {
	};
	objectVersion = 50;
	objects = {

/* Begin PBXBuildFile section */
		D373D5F4251F77860096C590 /* AppDelegate.swift in Sources */ = {isa = PBXBuildFile; fileRef = D373D5F3251F77860096C590 /* AppDelegate.swift */; };
		D373D5F6251F77860096C590 /* SceneDelegate.swift in Sources */ = {isa = PBXBuildFile; fileRef = D373D5F5251F77860096C590 /* SceneDelegate.swift */; };
		D373D5F8251F77860096C590 /* ViewController.swift in Sources */ = {isa = PBXBuildFile; fileRef = D373D5F7251F77860096C590 /* ViewController.swift */; };
		D373D5FB251F77860096C590 /* Main.storyboard in Resources */ = {isa = PBXBuildFile; fileRef = D373D5F9251F77860096C590 /* Main.storyboard */; };
		D373D5FD251F77880096C590 /* Assets.xcassets in Resources */ = {isa = PBXBuildFile; fileRef = D373D5FC251F77880096C590 /* Assets.xcassets */; };
		D373D600251F77880096C590 /* LaunchScreen.storyboard in Resources */ = {isa = PBXBuildFile; fileRef = D373D5FE251F77880096C590 /* LaunchScreen.storyboard */; };
		D373D605251F77880096C590 /* BrianSMiniAppWearable WatchKit App.app in Embed Watch Content */ = {isa = PBXBuildFile; fileRef = D373D604251F77880096C590 /* BrianSMiniAppWearable WatchKit App.app */; settings = {ATTRIBUTES = (RemoveHeadersOnCopy, ); }; };
		D373D60B251F77880096C590 /* Interface.storyboard in Resources */ = {isa = PBXBuildFile; fileRef = D373D609251F77880096C590 /* Interface.storyboard */; };
		D373D60D251F77890096C590 /* Assets.xcassets in Resources */ = {isa = PBXBuildFile; fileRef = D373D60C251F77890096C590 /* Assets.xcassets */; };
		D373D614251F77890096C590 /* BrianSMiniAppWearable WatchKit Extension.appex in Embed App Extensions */ = {isa = PBXBuildFile; fileRef = D373D613251F77890096C590 /* BrianSMiniAppWearable WatchKit Extension.appex */; settings = {ATTRIBUTES = (RemoveHeadersOnCopy, ); }; };
		D373D619251F77890096C590 /* InterfaceController.swift in Sources */ = {isa = PBXBuildFile; fileRef = D373D618251F77890096C590 /* InterfaceController.swift */; };
		D373D61B251F77890096C590 /* ExtensionDelegate.swift in Sources */ = {isa = PBXBuildFile; fileRef = D373D61A251F77890096C590 /* ExtensionDelegate.swift */; };
		D373D61D251F77890096C590 /* NotificationController.swift in Sources */ = {isa = PBXBuildFile; fileRef = D373D61C251F77890096C590 /* NotificationController.swift */; };
		D373D61F251F778A0096C590 /* Assets.xcassets in Resources */ = {isa = PBXBuildFile; fileRef = D373D61E251F778A0096C590 /* Assets.xcassets */; };
/* End PBXBuildFile section */

/* Begin PBXContainerItemProxy section */
		D373D606251F77880096C590 /* PBXContainerItemProxy */ = {
			isa = PBXContainerItemProxy;
			containerPortal = D373D5E8251F77860096C590 /* Project object */;
			proxyType = 1;
			remoteGlobalIDString = D373D603251F77880096C590;
			remoteInfo = "BrianSMiniAppWearable WatchKit App";
		};
		D373D615251F77890096C590 /* PBXContainerItemProxy */ = {
			isa = PBXContainerItemProxy;
			containerPortal = D373D5E8251F77860096C590 /* Project object */;
			proxyType = 1;
			remoteGlobalIDString = D373D612251F77890096C590;
			remoteInfo = "BrianSMiniAppWearable WatchKit Extension";
		};
/* End PBXContainerItemProxy section */

/* Begin PBXCopyFilesBuildPhase section */
		D373D627251F778A0096C590 /* Embed App Extensions */ = {
			isa = PBXCopyFilesBuildPhase;
			buildActionMask = 2147483647;
			dstPath = "";
			dstSubfolderSpec = 13;
			files = (
				D373D614251F77890096C590 /* BrianSMiniAppWearable WatchKit Extension.appex in Embed App Extensions */,
			);
			name = "Embed App Extensions";
			runOnlyForDeploymentPostprocessing = 0;
		};
		D373D62B251F778A0096C590 /* Embed Watch Content */ = {
			isa = PBXCopyFilesBuildPhase;
			buildActionMask = 2147483647;
			dstPath = "$(CONTENTS_FOLDER_PATH)/Watch";
			dstSubfolderSpec = 16;
			files = (
				D373D605251F77880096C590 /* BrianSMiniAppWearable WatchKit App.app in Embed Watch Content */,
			);
			name = "Embed Watch Content";
			runOnlyForDeploymentPostprocessing = 0;
		};
/* End PBXCopyFilesBuildPhase section */

/* Begin PBXFileReference section */
		D373D5F0251F77860096C590 /* BrianSMiniAppWearable.app */ = {isa = PBXFileReference; explicitFileType = wrapper.application; includeInIndex = 0; path = BrianSMiniAppWearable.app; sourceTree = BUILT_PRODUCTS_DIR; };
		D373D5F3251F77860096C590 /* AppDelegate.swift */ = {isa = PBXFileReference; lastKnownFileType = sourcecode.swift; path = AppDelegate.swift; sourceTree = "<group>"; };
		D373D5F5251F77860096C590 /* SceneDelegate.swift */ = {isa = PBXFileReference; lastKnownFileType = sourcecode.swift; path = SceneDelegate.swift; sourceTree = "<group>"; };
		D373D5F7251F77860096C590 /* ViewController.swift */ = {isa = PBXFileReference; lastKnownFileType = sourcecode.swift; path = ViewController.swift; sourceTree = "<group>"; };
		D373D5FA251F77860096C590 /* Base */ = {isa = PBXFileReference; lastKnownFileType = file.storyboard; name = Base; path = Base.lproj/Main.storyboard; sourceTree = "<group>"; };
		D373D5FC251F77880096C590 /* Assets.xcassets */ = {isa = PBXFileReference; lastKnownFileType = folder.assetcatalog; path = Assets.xcassets; sourceTree = "<group>"; };
		D373D5FF251F77880096C590 /* Base */ = {isa = PBXFileReference; lastKnownFileType = file.storyboard; name = Base; path = Base.lproj/LaunchScreen.storyboard; sourceTree = "<group>"; };
		D373D601251F77880096C590 /* Info.plist */ = {isa = PBXFileReference; lastKnownFileType = text.plist.xml; path = Info.plist; sourceTree = "<group>"; };
		D373D604251F77880096C590 /* BrianSMiniAppWearable WatchKit App.app */ = {isa = PBXFileReference; explicitFileType = wrapper.application; includeInIndex = 0; path = "BrianSMiniAppWearable WatchKit App.app"; sourceTree = BUILT_PRODUCTS_DIR; };
		D373D60A251F77880096C590 /* Base */ = {isa = PBXFileReference; lastKnownFileType = file.storyboard; name = Base; path = Base.lproj/Interface.storyboard; sourceTree = "<group>"; };
		D373D60C251F77890096C590 /* Assets.xcassets */ = {isa = PBXFileReference; lastKnownFileType = folder.assetcatalog; path = Assets.xcassets; sourceTree = "<group>"; };
		D373D60E251F77890096C590 /* Info.plist */ = {isa = PBXFileReference; lastKnownFileType = text.plist.xml; path = Info.plist; sourceTree = "<group>"; };
		D373D613251F77890096C590 /* BrianSMiniAppWearable WatchKit Extension.appex */ = {isa = PBXFileReference; explicitFileType = "wrapper.app-extension"; includeInIndex = 0; path = "BrianSMiniAppWearable WatchKit Extension.appex"; sourceTree = BUILT_PRODUCTS_DIR; };
		D373D618251F77890096C590 /* InterfaceController.swift */ = {isa = PBXFileReference; lastKnownFileType = sourcecode.swift; path = InterfaceController.swift; sourceTree = "<group>"; };
		D373D61A251F77890096C590 /* ExtensionDelegate.swift */ = {isa = PBXFileReference; lastKnownFileType = sourcecode.swift; path = ExtensionDelegate.swift; sourceTree = "<group>"; };
		D373D61C251F77890096C590 /* NotificationController.swift */ = {isa = PBXFileReference; lastKnownFileType = sourcecode.swift; path = NotificationController.swift; sourceTree = "<group>"; };
		D373D61E251F778A0096C590 /* Assets.xcassets */ = {isa = PBXFileReference; lastKnownFileType = folder.assetcatalog; path = Assets.xcassets; sourceTree = "<group>"; };
		D373D620251F778A0096C590 /* Info.plist */ = {isa = PBXFileReference; lastKnownFileType = text.plist.xml; path = Info.plist; sourceTree = "<group>"; };
		D373D621251F778A0096C590 /* PushNotificationPayload.apns */ = {isa = PBXFileReference; lastKnownFileType = text; path = PushNotificationPayload.apns; sourceTree = "<group>"; };
/* End PBXFileReference section */

/* Begin PBXFrameworksBuildPhase section */
		D373D5ED251F77860096C590 /* Frameworks */ = {
			isa = PBXFrameworksBuildPhase;
			buildActionMask = 2147483647;
			files = (
			);
			runOnlyForDeploymentPostprocessing = 0;
		};
		D373D610251F77890096C590 /* Frameworks */ = {
			isa = PBXFrameworksBuildPhase;
			buildActionMask = 2147483647;
			files = (
			);
			runOnlyForDeploymentPostprocessing = 0;
		};
/* End PBXFrameworksBuildPhase section */

/* Begin PBXGroup section */
		D373D5E7251F77860096C590 = {
			isa = PBXGroup;
			children = (
				D373D5F2251F77860096C590 /* BrianSMiniAppWearable */,
				D373D608251F77880096C590 /* BrianSMiniAppWearable WatchKit App */,
				D373D617251F77890096C590 /* BrianSMiniAppWearable WatchKit Extension */,
				D373D5F1251F77860096C590 /* Products */,
			);
			sourceTree = "<group>";
		};
		D373D5F1251F77860096C590 /* Products */ = {
			isa = PBXGroup;
			children = (
				D373D5F0251F77860096C590 /* BrianSMiniAppWearable.app */,
				D373D604251F77880096C590 /* BrianSMiniAppWearable WatchKit App.app */,
				D373D613251F77890096C590 /* BrianSMiniAppWearable WatchKit Extension.appex */,
			);
			name = Products;
			sourceTree = "<group>";
		};
		D373D5F2251F77860096C590 /* BrianSMiniAppWearable */ = {
			isa = PBXGroup;
			children = (
				D373D5F3251F77860096C590 /* AppDelegate.swift */,
				D373D5F5251F77860096C590 /* SceneDelegate.swift */,
				D373D5F7251F77860096C590 /* ViewController.swift */,
				D373D5F9251F77860096C590 /* Main.storyboard */,
				D373D5FC251F77880096C590 /* Assets.xcassets */,
				D373D5FE251F77880096C590 /* LaunchScreen.storyboard */,
				D373D601251F77880096C590 /* Info.plist */,
			);
			path = BrianSMiniAppWearable;
			sourceTree = "<group>";
		};
		D373D608251F77880096C590 /* BrianSMiniAppWearable WatchKit App */ = {
			isa = PBXGroup;
			children = (
				D373D609251F77880096C590 /* Interface.storyboard */,
				D373D60C251F77890096C590 /* Assets.xcassets */,
				D373D60E251F77890096C590 /* Info.plist */,
			);
			path = "BrianSMiniAppWearable WatchKit App";
			sourceTree = "<group>";
		};
		D373D617251F77890096C590 /* BrianSMiniAppWearable WatchKit Extension */ = {
			isa = PBXGroup;
			children = (
				D373D618251F77890096C590 /* InterfaceController.swift */,
				D373D61A251F77890096C590 /* ExtensionDelegate.swift */,
				D373D61C251F77890096C590 /* NotificationController.swift */,
				D373D61E251F778A0096C590 /* Assets.xcassets */,
				D373D620251F778A0096C590 /* Info.plist */,
				D373D621251F778A0096C590 /* PushNotificationPayload.apns */,
			);
			path = "BrianSMiniAppWearable WatchKit Extension";
			sourceTree = "<group>";
		};
/* End PBXGroup section */

/* Begin PBXNativeTarget section */
		D373D5EF251F77860096C590 /* BrianSMiniAppWearable */ = {
			isa = PBXNativeTarget;
			buildConfigurationList = D373D62C251F778A0096C590 /* Build configuration list for PBXNativeTarget "BrianSMiniAppWearable" */;
			buildPhases = (
				D373D5EC251F77860096C590 /* Sources */,
				D373D5ED251F77860096C590 /* Frameworks */,
				D373D5EE251F77860096C590 /* Resources */,
				D373D62B251F778A0096C590 /* Embed Watch Content */,
			);
			buildRules = (
			);
			dependencies = (
				D373D607251F77880096C590 /* PBXTargetDependency */,
			);
			name = BrianSMiniAppWearable;
			productName = BrianSMiniAppWearable;
			productReference = D373D5F0251F77860096C590 /* BrianSMiniAppWearable.app */;
			productType = "com.apple.product-type.application";
		};
		D373D603251F77880096C590 /* BrianSMiniAppWearable WatchKit App */ = {
			isa = PBXNativeTarget;
			buildConfigurationList = D373D628251F778A0096C590 /* Build configuration list for PBXNativeTarget "BrianSMiniAppWearable WatchKit App" */;
			buildPhases = (
				D373D602251F77880096C590 /* Resources */,
				D373D627251F778A0096C590 /* Embed App Extensions */,
			);
			buildRules = (
			);
			dependencies = (
				D373D616251F77890096C590 /* PBXTargetDependency */,
			);
			name = "BrianSMiniAppWearable WatchKit App";
			productName = "BrianSMiniAppWearable WatchKit App";
			productReference = D373D604251F77880096C590 /* BrianSMiniAppWearable WatchKit App.app */;
			productType = "com.apple.product-type.application.watchapp2";
		};
		D373D612251F77890096C590 /* BrianSMiniAppWearable WatchKit Extension */ = {
			isa = PBXNativeTarget;
			buildConfigurationList = D373D624251F778A0096C590 /* Build configuration list for PBXNativeTarget "BrianSMiniAppWearable WatchKit Extension" */;
			buildPhases = (
				D373D60F251F77890096C590 /* Sources */,
				D373D610251F77890096C590 /* Frameworks */,
				D373D611251F77890096C590 /* Resources */,
			);
			buildRules = (
			);
			dependencies = (
			);
			name = "BrianSMiniAppWearable WatchKit Extension";
			productName = "BrianSMiniAppWearable WatchKit Extension";
			productReference = D373D613251F77890096C590 /* BrianSMiniAppWearable WatchKit Extension.appex */;
			productType = "com.apple.product-type.watchkit2-extension";
		};
/* End PBXNativeTarget section */

/* Begin PBXProject section */
		D373D5E8251F77860096C590 /* Project object */ = {
			isa = PBXProject;
			attributes = {
				LastSwiftUpdateCheck = 1140;
				LastUpgradeCheck = 1140;
				ORGANIZATIONNAME = clc.seaver;
				TargetAttributes = {
					D373D5EF251F77860096C590 = {
						CreatedOnToolsVersion = 11.4;
					};
					D373D603251F77880096C590 = {
						CreatedOnToolsVersion = 11.4;
					};
					D373D612251F77890096C590 = {
						CreatedOnToolsVersion = 11.4;
					};
				};
			};
			buildConfigurationList = D373D5EB251F77860096C590 /* Build configuration list for PBXProject "BrianSMiniAppWearable" */;
			compatibilityVersion = "Xcode 9.3";
			developmentRegion = en;
			hasScannedForEncodings = 0;
			knownRegions = (
				en,
				Base,
			);
			mainGroup = D373D5E7251F77860096C590;
			productRefGroup = D373D5F1251F77860096C590 /* Products */;
			projectDirPath = "";
			projectRoot = "";
			targets = (
				D373D5EF251F77860096C590 /* BrianSMiniAppWearable */,
				D373D603251F77880096C590 /* BrianSMiniAppWearable WatchKit App */,
				D373D612251F77890096C590 /* BrianSMiniAppWearable WatchKit Extension */,
			);
		};
/* End PBXProject section */

/* Begin PBXResourcesBuildPhase section */
		D373D5EE251F77860096C590 /* Resources */ = {
			isa = PBXResourcesBuildPhase;
			buildActionMask = 2147483647;
			files = (
				D373D600251F77880096C590 /* LaunchScreen.storyboard in Resources */,
				D373D5FD251F77880096C590 /* Assets.xcassets in Resources */,
				D373D5FB251F77860096C590 /* Main.storyboard in Resources */,
			);
			runOnlyForDeploymentPostprocessing = 0;
		};
		D373D602251F77880096C590 /* Resources */ = {
			isa = PBXResourcesBuildPhase;
			buildActionMask = 2147483647;
			files = (
				D373D60D251F77890096C590 /* Assets.xcassets in Resources */,
				D373D60B251F77880096C590 /* Interface.storyboard in Resources */,
			);
			runOnlyForDeploymentPostprocessing = 0;
		};
		D373D611251F77890096C590 /* Resources */ = {
			isa = PBXResourcesBuildPhase;
			buildActionMask = 2147483647;
			files = (
				D373D61F251F778A0096C590 /* Assets.xcassets in Resources */,
			);
			runOnlyForDeploymentPostprocessing = 0;
		};
/* End PBXResourcesBuildPhase section */

/* Begin PBXSourcesBuildPhase section */
		D373D5EC251F77860096C590 /* Sources */ = {
			isa = PBXSourcesBuildPhase;
			buildActionMask = 2147483647;
			files = (
				D373D5F8251F77860096C590 /* ViewController.swift in Sources */,
				D373D5F4251F77860096C590 /* AppDelegate.swift in Sources */,
				D373D5F6251F77860096C590 /* SceneDelegate.swift in Sources */,
			);
			runOnlyForDeploymentPostprocessing = 0;
		};
		D373D60F251F77890096C590 /* Sources */ = {
			isa = PBXSourcesBuildPhase;
			buildActionMask = 2147483647;
			files = (
				D373D61D251F77890096C590 /* NotificationController.swift in Sources */,
				D373D61B251F77890096C590 /* ExtensionDelegate.swift in Sources */,
				D373D619251F77890096C590 /* InterfaceController.swift in Sources */,
			);
			runOnlyForDeploymentPostprocessing = 0;
		};
/* End PBXSourcesBuildPhase section */

/* Begin PBXTargetDependency section */
		D373D607251F77880096C590 /* PBXTargetDependency */ = {
			isa = PBXTargetDependency;
			target = D373D603251F77880096C590 /* BrianSMiniAppWearable WatchKit App */;
			targetProxy = D373D606251F77880096C590 /* PBXContainerItemProxy */;
		};
		D373D616251F77890096C590 /* PBXTargetDependency */ = {
			isa = PBXTargetDependency;
			target = D373D612251F77890096C590 /* BrianSMiniAppWearable WatchKit Extension */;
			targetProxy = D373D615251F77890096C590 /* PBXContainerItemProxy */;
		};
/* End PBXTargetDependency section */

/* Begin PBXVariantGroup section */
		D373D5F9251F77860096C590 /* Main.storyboard */ = {
			isa = PBXVariantGroup;
			children = (
				D373D5FA251F77860096C590 /* Base */,
			);
			name = Main.storyboard;
			sourceTree = "<group>";
		};
		D373D5FE251F77880096C590 /* LaunchScreen.storyboard */ = {
			isa = PBXVariantGroup;
			children = (
				D373D5FF251F77880096C590 /* Base */,
			);
			name = LaunchScreen.storyboard;
			sourceTree = "<group>";
		};
		D373D609251F77880096C590 /* Interface.storyboard */ = {
			isa = PBXVariantGroup;
			children = (
				D373D60A251F77880096C590 /* Base */,
			);
			name = Interface.storyboard;
			sourceTree = "<group>";
		};
/* End PBXVariantGroup section */

/* Begin XCBuildConfiguration section */
		D373D622251F778A0096C590 /* Debug */ = {
			isa = XCBuildConfiguration;
			buildSettings = {
				ALWAYS_SEARCH_USER_PATHS = NO;
				CLANG_ANALYZER_NONNULL = YES;
				CLANG_ANALYZER_NUMBER_OBJECT_CONVERSION = YES_AGGRESSIVE;
				CLANG_CXX_LANGUAGE_STANDARD = "gnu++14";
				CLANG_CXX_LIBRARY = "libc++";
				CLANG_ENABLE_MODULES = YES;
				CLANG_ENABLE_OBJC_ARC = YES;
				CLANG_ENABLE_OBJC_WEAK = YES;
				CLANG_WARN_BLOCK_CAPTURE_AUTORELEASING = YES;
				CLANG_WARN_BOOL_CONVERSION = YES;
				CLANG_WARN_COMMA = YES;
				CLANG_WARN_CONSTANT_CONVERSION = YES;
				CLANG_WARN_DEPRECATED_OBJC_IMPLEMENTATIONS = YES;
				CLANG_WARN_DIRECT_OBJC_ISA_USAGE = YES_ERROR;
				CLANG_WARN_DOCUMENTATION_COMMENTS = YES;
				CLANG_WARN_EMPTY_BODY = YES;
				CLANG_WARN_ENUM_CONVERSION = YES;
				CLANG_WARN_INFINITE_RECURSION = YES;
				CLANG_WARN_INT_CONVERSION = YES;
				CLANG_WARN_NON_LITERAL_NULL_CONVERSION = YES;
				CLANG_WARN_OBJC_IMPLICIT_RETAIN_SELF = YES;
				CLANG_WARN_OBJC_LITERAL_CONVERSION = YES;
				CLANG_WARN_OBJC_ROOT_CLASS = YES_ERROR;
				CLANG_WARN_RANGE_LOOP_ANALYSIS = YES;
				CLANG_WARN_STRICT_PROTOTYPES = YES;
				CLANG_WARN_SUSPICIOUS_MOVE = YES;
				CLANG_WARN_UNGUARDED_AVAILABILITY = YES_AGGRESSIVE;
				CLANG_WARN_UNREACHABLE_CODE = YES;
				CLANG_WARN__DUPLICATE_METHOD_MATCH = YES;
				COPY_PHASE_STRIP = NO;
				DEBUG_INFORMATION_FORMAT = dwarf;
				ENABLE_STRICT_OBJC_MSGSEND = YES;
				ENABLE_TESTABILITY = YES;
				GCC_C_LANGUAGE_STANDARD = gnu11;
				GCC_DYNAMIC_NO_PIC = NO;
				GCC_NO_COMMON_BLOCKS = YES;
				GCC_OPTIMIZATION_LEVEL = 0;
				GCC_PREPROCESSOR_DEFINITIONS = (
					"DEBUG=1",
					"$(inherited)",
				);
				GCC_WARN_64_TO_32_BIT_CONVERSION = YES;
				GCC_WARN_ABOUT_RETURN_TYPE = YES_ERROR;
				GCC_WARN_UNDECLARED_SELECTOR = YES;
				GCC_WARN_UNINITIALIZED_AUTOS = YES_AGGRESSIVE;
				GCC_WARN_UNUSED_FUNCTION = YES;
				GCC_WARN_UNUSED_VARIABLE = YES;
				IPHONEOS_DEPLOYMENT_TARGET = 13.4;
				MTL_ENABLE_DEBUG_INFO = INCLUDE_SOURCE;
				MTL_FAST_MATH = YES;
				ONLY_ACTIVE_ARCH = YES;
				SDKROOT = iphoneos;
				SWIFT_ACTIVE_COMPILATION_CONDITIONS = DEBUG;
				SWIFT_OPTIMIZATION_LEVEL = "-Onone";
			};
			name = Debug;
		};
		D373D623251F778A0096C590 /* Release */ = {
			isa = XCBuildConfiguration;
			buildSettings = {
				ALWAYS_SEARCH_USER_PATHS = NO;
				CLANG_ANALYZER_NONNULL = YES;
				CLANG_ANALYZER_NUMBER_OBJECT_CONVERSION = YES_AGGRESSIVE;
				CLANG_CXX_LANGUAGE_STANDARD = "gnu++14";
				CLANG_CXX_LIBRARY = "libc++";
				CLANG_ENABLE_MODULES = YES;
				CLANG_ENABLE_OBJC_ARC = YES;
				CLANG_ENABLE_OBJC_WEAK = YES;
				CLANG_WARN_BLOCK_CAPTURE_AUTORELEASING = YES;
				CLANG_WARN_BOOL_CONVERSION = YES;
				CLANG_WARN_COMMA = YES;
				CLANG_WARN_CONSTANT_CONVERSION = YES;
				CLANG_WARN_DEPRECATED_OBJC_IMPLEMENTATIONS = YES;
				CLANG_WARN_DIRECT_OBJC_ISA_USAGE = YES_ERROR;
				CLANG_WARN_DOCUMENTATION_COMMENTS = YES;
				CLANG_WARN_EMPTY_BODY = YES;
				CLANG_WARN_ENUM_CONVERSION = YES;
				CLANG_WARN_INFINITE_RECURSION = YES;
				CLANG_WARN_INT_CONVERSION = YES;
				CLANG_WARN_NON_LITERAL_NULL_CONVERSION = YES;
				CLANG_WARN_OBJC_IMPLICIT_RETAIN_SELF = YES;
				CLANG_WARN_OBJC_LITERAL_CONVERSION = YES;
				CLANG_WARN_OBJC_ROOT_CLASS = YES_ERROR;
				CLANG_WARN_RANGE_LOOP_ANALYSIS = YES;
				CLANG_WARN_STRICT_PROTOTYPES = YES;
				CLANG_WARN_SUSPICIOUS_MOVE = YES;
				CLANG_WARN_UNGUARDED_AVAILABILITY = YES_AGGRESSIVE;
				CLANG_WARN_UNREACHABLE_CODE = YES;
				CLANG_WARN__DUPLICATE_METHOD_MATCH = YES;
				COPY_PHASE_STRIP = NO;
				DEBUG_INFORMATION_FORMAT = "dwarf-with-dsym";
				ENABLE_NS_ASSERTIONS = NO;
				ENABLE_STRICT_OBJC_MSGSEND = YES;
				GCC_C_LANGUAGE_STANDARD = gnu11;
				GCC_NO_COMMON_BLOCKS = YES;
				GCC_WARN_64_TO_32_BIT_CONVERSION = YES;
				GCC_WARN_ABOUT_RETURN_TYPE = YES_ERROR;
				GCC_WARN_UNDECLARED_SELECTOR = YES;
				GCC_WARN_UNINITIALIZED_AUTOS = YES_AGGRESSIVE;
				GCC_WARN_UNUSED_FUNCTION = YES;
				GCC_WARN_UNUSED_VARIABLE = YES;
				IPHONEOS_DEPLOYMENT_TARGET = 13.4;
				MTL_ENABLE_DEBUG_INFO = NO;
				MTL_FAST_MATH = YES;
				SDKROOT = iphoneos;
				SWIFT_COMPILATION_MODE = wholemodule;
				SWIFT_OPTIMIZATION_LEVEL = "-O";
				VALIDATE_PRODUCT = YES;
			};
			name = Release;
		};
		D373D625251F778A0096C590 /* Debug */ = {
			isa = XCBuildConfiguration;
			buildSettings = {
				ASSETCATALOG_COMPILER_COMPLICATION_NAME = Complication;
				CODE_SIGN_STYLE = Automatic;
				DEVELOPMENT_TEAM = S22H3YR676;
				INFOPLIST_FILE = "BrianSMiniAppWearable WatchKit Extension/Info.plist";
				LD_RUNPATH_SEARCH_PATHS = (
					"$(inherited)",
					"@executable_path/Frameworks",
					"@executable_path/../../Frameworks",
				);
				PRODUCT_BUNDLE_IDENTIFIER = clc.BrianSMiniAppWearable.watchkitapp.watchkitextension;
				PRODUCT_NAME = "${TARGET_NAME}";
				SDKROOT = watchos;
				SKIP_INSTALL = YES;
				SWIFT_VERSION = 5.0;
				TARGETED_DEVICE_FAMILY = 4;
				WATCHOS_DEPLOYMENT_TARGET = 6.2;
			};
			name = Debug;
		};
		D373D626251F778A0096C590 /* Release */ = {
			isa = XCBuildConfiguration;
			buildSettings = {
				ASSETCATALOG_COMPILER_COMPLICATION_NAME = Complication;
				CODE_SIGN_STYLE = Automatic;
				DEVELOPMENT_TEAM = S22H3YR676;
				INFOPLIST_FILE = "BrianSMiniAppWearable WatchKit Extension/Info.plist";
				LD_RUNPATH_SEARCH_PATHS = (
					"$(inherited)",
					"@executable_path/Frameworks",
					"@executable_path/../../Frameworks",
				);
				PRODUCT_BUNDLE_IDENTIFIER = clc.BrianSMiniAppWearable.watchkitapp.watchkitextension;
				PRODUCT_NAME = "${TARGET_NAME}";
				SDKROOT = watchos;
				SKIP_INSTALL = YES;
				SWIFT_VERSION = 5.0;
				TARGETED_DEVICE_FAMILY = 4;
				WATCHOS_DEPLOYMENT_TARGET = 6.2;
			};
			name = Release;
		};
		D373D629251F778A0096C590 /* Debug */ = {
			isa = XCBuildConfiguration;
			buildSettings = {
				ALWAYS_EMBED_SWIFT_STANDARD_LIBRARIES = YES;
				ASSETCATALOG_COMPILER_APPICON_NAME = AppIcon;
				CODE_SIGN_STYLE = Automatic;
				DEVELOPMENT_TEAM = S22H3YR676;
				IBSC_MODULE = BrianSMiniAppWearable_WatchKit_Extension;
				INFOPLIST_FILE = "BrianSMiniAppWearable WatchKit App/Info.plist";
				PRODUCT_BUNDLE_IDENTIFIER = clc.BrianSMiniAppWearable.watchkitapp;
				PRODUCT_NAME = "$(TARGET_NAME)";
				SDKROOT = watchos;
				SKIP_INSTALL = YES;
				SWIFT_VERSION = 5.0;
				TARGETED_DEVICE_FAMILY = 4;
				WATCHOS_DEPLOYMENT_TARGET = 6.2;
			};
			name = Debug;
		};
		D373D62A251F778A0096C590 /* Release */ = {
			isa = XCBuildConfiguration;
			buildSettings = {
				ALWAYS_EMBED_SWIFT_STANDARD_LIBRARIES = YES;
				ASSETCATALOG_COMPILER_APPICON_NAME = AppIcon;
				CODE_SIGN_STYLE = Automatic;
				DEVELOPMENT_TEAM = S22H3YR676;
				IBSC_MODULE = BrianSMiniAppWearable_WatchKit_Extension;
				INFOPLIST_FILE = "BrianSMiniAppWearable WatchKit App/Info.plist";
				PRODUCT_BUNDLE_IDENTIFIER = clc.BrianSMiniAppWearable.watchkitapp;
				PRODUCT_NAME = "$(TARGET_NAME)";
				SDKROOT = watchos;
				SKIP_INSTALL = YES;
				SWIFT_VERSION = 5.0;
				TARGETED_DEVICE_FAMILY = 4;
				WATCHOS_DEPLOYMENT_TARGET = 6.2;
			};
			name = Release;
		};
		D373D62D251F778A0096C590 /* Debug */ = {
			isa = XCBuildConfiguration;
			buildSettings = {
				ASSETCATALOG_COMPILER_APPICON_NAME = AppIcon;
				CODE_SIGN_STYLE = Automatic;
				DEVELOPMENT_TEAM = S22H3YR676;
				INFOPLIST_FILE = BrianSMiniAppWearable/Info.plist;
				LD_RUNPATH_SEARCH_PATHS = (
					"$(inherited)",
					"@executable_path/Frameworks",
				);
				PRODUCT_BUNDLE_IDENTIFIER = clc.BrianSMiniAppWearable;
				PRODUCT_NAME = "$(TARGET_NAME)";
				SWIFT_VERSION = 5.0;
				TARGETED_DEVICE_FAMILY = "1,2";
			};
			name = Debug;
		};
		D373D62E251F778A0096C590 /* Release */ = {
			isa = XCBuildConfiguration;
			buildSettings = {
				ASSETCATALOG_COMPILER_APPICON_NAME = AppIcon;
				CODE_SIGN_STYLE = Automatic;
				DEVELOPMENT_TEAM = S22H3YR676;
				INFOPLIST_FILE = BrianSMiniAppWearable/Info.plist;
				LD_RUNPATH_SEARCH_PATHS = (
					"$(inherited)",
					"@executable_path/Frameworks",
				);
				PRODUCT_BUNDLE_IDENTIFIER = clc.BrianSMiniAppWearable;
				PRODUCT_NAME = "$(TARGET_NAME)";
				SWIFT_VERSION = 5.0;
				TARGETED_DEVICE_FAMILY = "1,2";
			};
			name = Release;
		};
/* End XCBuildConfiguration section */

/* Begin XCConfigurationList section */
		D373D5EB251F77860096C590 /* Build configuration list for PBXProject "BrianSMiniAppWearable" */ = {
			isa = XCConfigurationList;
			buildConfigurations = (
				D373D622251F778A0096C590 /* Debug */,
				D373D623251F778A0096C590 /* Release */,
			);
			defaultConfigurationIsVisible = 0;
			defaultConfigurationName = Release;
		};
		D373D624251F778A0096C590 /* Build configuration list for PBXNativeTarget "BrianSMiniAppWearable WatchKit Extension" */ = {
			isa = XCConfigurationList;
			buildConfigurations = (
				D373D625251F778A0096C590 /* Debug */,
				D373D626251F778A0096C590 /* Release */,
			);
			defaultConfigurationIsVisible = 0;
			defaultConfigurationName = Release;
		};
		D373D628251F778A0096C590 /* Build configuration list for PBXNativeTarget "BrianSMiniAppWearable WatchKit App" */ = {
			isa = XCConfigurationList;
			buildConfigurations = (
				D373D629251F778A0096C590 /* Debug */,
				D373D62A251F778A0096C590 /* Release */,
			);
			defaultConfigurationIsVisible = 0;
			defaultConfigurationName = Release;
		};
		D373D62C251F778A0096C590 /* Build configuration list for PBXNativeTarget "BrianSMiniAppWearable" */ = {
			isa = XCConfigurationList;
			buildConfigurations = (
				D373D62D251F778A0096C590 /* Debug */,
				D373D62E251F778A0096C590 /* Release */,
			);
			defaultConfigurationIsVisible = 0;
			defaultConfigurationName = Release;
		};
/* End XCConfigurationList section */
	};
	rootObject = D373D5E8251F77860096C590 /* Project object */;
}
